
Microsoft Visual Studio Solution File, Format Version 12.00
# Visual Studio Version 17
VisualStudioVersion = 17.13.35931.197 d17.13
MinimumVisualStudioVersion = 10.0.40219.1
Project("{FAE04EC0-301F-11D3-BF4B-00C04F79EFBC}") = "ObserverConceptualExemple", "ObserverConceptualExemple\ObserverConceptualExemple.csproj", "{81617EBE-97E0-482C-94A7-CB5A0FC57B7E}"
EndProject
Global
	GlobalSection(SolutionConfigurationPlatforms) = preSolution
		Debug|Any CPU = Debug|Any CPU
		Release|Any CPU = Release|Any CPU
	EndGlobalSection
	GlobalSection(ProjectConfigurationPlatforms) = postSolution
		{81617EBE-97E0-482C-94A7-CB5A0FC57B7E}.Debug|Any CPU.ActiveCfg = Debug|Any CPU
		{81617EBE-97E0-482C-94A7-CB5A0FC57B7E}.Debug|Any CPU.Build.0 = Debug|Any CPU
		{81617EBE-97E0-482C-94A7-CB5A0FC57B7E}.Release|Any CPU.ActiveCfg = Release|Any CPU
		{81617EBE-97E0-482C-94A7-CB5A0FC57B7E}.Release|Any CPU.Build.0 = Release|Any CPU
	EndGlobalSection
	GlobalSection(SolutionProperties) = preSolution
		HideSolutionNode = FALSE
	EndGlobalSection
	GlobalSection(ExtensibilityGlobals) = postSolution
		SolutionGuid = {63A88238-153B-4FF0-84E0-4DB7F3D519BB}
	EndGlobalSection
EndGlobal
